// !$*UTF8*$!
{
	archiveVersion = 1;
	classes = {
	};
	objectVersion = 51;
	objects = {

/* Begin PBXBuildFile section */
		6C05C15D2618402B00FB744A /* FavoriteCell.swift in Sources */ = {isa = PBXBuildFile; fileRef = 6C05C15C2618402B00FB744A /* FavoriteCell.swift */; };
		6C05C1602618405700FB744A /* FavoriteCell.xib in Resources */ = {isa = PBXBuildFile; fileRef = 6C05C15F2618405700FB744A /* FavoriteCell.xib */; };
		6C1BECFB2651740A0039E454 /* ComingAnimals.swift in Sources */ = {isa = PBXBuildFile; fileRef = 6C1BECFA2651740A0039E454 /* ComingAnimals.swift */; };
		6C1BECFD265174350039E454 /* ComingAnimals.xib in Resources */ = {isa = PBXBuildFile; fileRef = 6C1BECFC265174350039E454 /* ComingAnimals.xib */; };
		6C1BED04265198940039E454 /* ComingAnimalCell.swift in Sources */ = {isa = PBXBuildFile; fileRef = 6C1BED02265198940039E454 /* ComingAnimalCell.swift */; };
		6C1BED05265198940039E454 /* ComingAnimalCell.xib in Resources */ = {isa = PBXBuildFile; fileRef = 6C1BED03265198940039E454 /* ComingAnimalCell.xib */; };
		6C1BED0B265250230039E454 /* ComingAnimalTableView.swift in Sources */ = {isa = PBXBuildFile; fileRef = 6C1BED0A265250230039E454 /* ComingAnimalTableView.swift */; };
		6C1BED0D2652502E0039E454 /* ComingAnimalTableView.xib in Resources */ = {isa = PBXBuildFile; fileRef = 6C1BED0C2652502E0039E454 /* ComingAnimalTableView.xib */; };
		6C1BED0F2652A4B30039E454 /* UIImageExtension.swift in Sources */ = {isa = PBXBuildFile; fileRef = 6C1BED0E2652A4B30039E454 /* UIImageExtension.swift */; };
		6C1BED152652ABED0039E454 /* CustomSlider.swift in Sources */ = {isa = PBXBuildFile; fileRef = 6C1BED142652ABED0039E454 /* CustomSlider.swift */; };
		6C2C429426178AFF007D2D71 /* FavoriteView.swift in Sources */ = {isa = PBXBuildFile; fileRef = 6C2C429326178AFF007D2D71 /* FavoriteView.swift */; };
		6C2C429726178B08007D2D71 /* FavoriteView.xib in Resources */ = {isa = PBXBuildFile; fileRef = 6C2C429626178B08007D2D71 /* FavoriteView.xib */; };
		6C53ECF9261F6AF100D62EAD /* WriteNewLetter.xib in Resources */ = {isa = PBXBuildFile; fileRef = 6C53ECF8261F6AF100D62EAD /* WriteNewLetter.xib */; };
		6C53ECFC261F6B0E00D62EAD /* WriteNewLetter.swift in Sources */ = {isa = PBXBuildFile; fileRef = 6C53ECFB261F6B0E00D62EAD /* WriteNewLetter.swift */; };
		6C5D653B2629575500A62334 /* MailBox.swift in Sources */ = {isa = PBXBuildFile; fileRef = 6C5D653A2629575500A62334 /* MailBox.swift */; };
		6C5D653E262C30B100A62334 /* Server.swift in Sources */ = {isa = PBXBuildFile; fileRef = 6C5D653D262C30B100A62334 /* Server.swift */; };
		6C616339261AA8CE00998DF9 /* FavoriteViewController.swift in Sources */ = {isa = PBXBuildFile; fileRef = 6C616338261AA8CE00998DF9 /* FavoriteViewController.swift */; };
		6C66012D2663FB8700F4D36D /* BlockSettingVC.swift in Sources */ = {isa = PBXBuildFile; fileRef = 6C66012C2663FB8700F4D36D /* BlockSettingVC.swift */; };
		6C6601312664011900F4D36D /* BlockSettingViewCell.swift in Sources */ = {isa = PBXBuildFile; fileRef = 6C6601302664011900F4D36D /* BlockSettingViewCell.swift */; };
		6C6A9A09261E149700EF93F4 /* LetterListCell.swift in Sources */ = {isa = PBXBuildFile; fileRef = 6C6A9A08261E149700EF93F4 /* LetterListCell.swift */; };
		6C6A9A0C261E14FF00EF93F4 /* LetterListCell.xib in Resources */ = {isa = PBXBuildFile; fileRef = 6C6A9A0B261E14FE00EF93F4 /* LetterListCell.xib */; };
		6C7D9B9E2614BA4D003596EB /* SettingTableView.swift in Sources */ = {isa = PBXBuildFile; fileRef = 6C7D9B9D2614BA4D003596EB /* SettingTableView.swift */; };
		6C7D9BA22614D730003596EB /* DefaultInfoVC.swift in Sources */ = {isa = PBXBuildFile; fileRef = 6C7D9BA12614D730003596EB /* DefaultInfoVC.swift */; };
		6C7D9BA52614DC0C003596EB /* LanguageSettingVC.swift in Sources */ = {isa = PBXBuildFile; fileRef = 6C7D9BA42614DC0C003596EB /* LanguageSettingVC.swift */; };
		6C7D9BA82614DCF7003596EB /* ConceptSettingVC.swift in Sources */ = {isa = PBXBuildFile; fileRef = 6C7D9BA72614DCF7003596EB /* ConceptSettingVC.swift */; };
		6C7D9BAB2614DD1A003596EB /* FavoriteSettingVC.swift in Sources */ = {isa = PBXBuildFile; fileRef = 6C7D9BAA2614DD1A003596EB /* FavoriteSettingVC.swift */; };
		6C7E056E263D1D8200FC06A3 /* ReplyPage.swift in Sources */ = {isa = PBXBuildFile; fileRef = 6C7E056D263D1D8200FC06A3 /* ReplyPage.swift */; };
		6C9B77432619CBAF00E82303 /* userInfo.swift in Sources */ = {isa = PBXBuildFile; fileRef = 6C9B77422619CBAF00E82303 /* userInfo.swift */; };
		6C9B77462619E71400E82303 /* favorites.swift in Sources */ = {isa = PBXBuildFile; fileRef = 6C9B77452619E71400E82303 /* favorites.swift */; };
		6CFB759B2615AD710017F160 /* Localizable.strings in Resources */ = {isa = PBXBuildFile; fileRef = 6CFB759D2615AD710017F160 /* Localizable.strings */; };
		6CFB75A62615F7460017F160 /* StringExtension.swift in Sources */ = {isa = PBXBuildFile; fileRef = 6CFB75A52615F7460017F160 /* StringExtension.swift */; };
		761165F125D8308400577F92 /* SignUpViewController2.swift in Sources */ = {isa = PBXBuildFile; fileRef = 761165F025D8308400577F92 /* SignUpViewController2.swift */; };
		761D515E2618C86A00089040 /* LanguageTableViewCell.swift in Sources */ = {isa = PBXBuildFile; fileRef = 761D515D2618C86A00089040 /* LanguageTableViewCell.swift */; };
		7621D28D266002B600A6C798 /* GoogleService-Info.plist in Resources */ = {isa = PBXBuildFile; fileRef = 7621D28C266002B600A6C798 /* GoogleService-Info.plist */; };
		762A36D42621CCEE00BDC643 /* SelectAnimal1.swift in Sources */ = {isa = PBXBuildFile; fileRef = 762A36D32621CCEE00BDC643 /* SelectAnimal1.swift */; };
		7636AE92264FFB1C0040F2F6 /* Accessory.swift in Sources */ = {isa = PBXBuildFile; fileRef = 7636AE91264FFB1C0040F2F6 /* Accessory.swift */; };
		7657F0BD25CAE46400403881 /* 구글로고.jpg in Resources */ = {isa = PBXBuildFile; fileRef = 7657F0BC25CAE46400403881 /* 구글로고.jpg */; };
		76686FC825CE2C5F00536E36 /* MainPage.swift in Sources */ = {isa = PBXBuildFile; fileRef = 76686FC725CE2C5F00536E36 /* MainPage.swift */; };
		76686FCB25CE2FFC00536E36 /* WritingPage.swift in Sources */ = {isa = PBXBuildFile; fileRef = 76686FCA25CE2FFC00536E36 /* WritingPage.swift */; };
		76686FD225CE9F3E00536E36 /* SelectAnimalCollectionViewCell.swift in Sources */ = {isa = PBXBuildFile; fileRef = 76686FD125CE9F3E00536E36 /* SelectAnimalCollectionViewCell.swift */; };
		76686FD525CE9FE800536E36 /* SelectAnimalPage.swift in Sources */ = {isa = PBXBuildFile; fileRef = 76686FD425CE9FE800536E36 /* SelectAnimalPage.swift */; };
		76686FE625CEAB7300536E36 /* animal.swift in Sources */ = {isa = PBXBuildFile; fileRef = 76686FE525CEAB7300536E36 /* animal.swift */; };
		7668701925D1318400536E36 /* Launch Screen2.storyboard in Resources */ = {isa = PBXBuildFile; fileRef = 7668701825D1318400536E36 /* Launch Screen2.storyboard */; };
		7668701C25D13AB200536E36 /* StartPage.swift in Sources */ = {isa = PBXBuildFile; fileRef = 7668701B25D13AB200536E36 /* StartPage.swift */; };
		7668702525D15BB900536E36 /* SettingTab.swift in Sources */ = {isa = PBXBuildFile; fileRef = 7668702425D15BB900536E36 /* SettingTab.swift */; };
		7673B84D2647D3C0007D062C /* MyAnimalPage.swift in Sources */ = {isa = PBXBuildFile; fileRef = 7673B84C2647D3C0007D062C /* MyAnimalPage.swift */; };
		7673B8502647D799007D062C /* MyAnimalPageCollectionViewCell.swift in Sources */ = {isa = PBXBuildFile; fileRef = 7673B84E2647D799007D062C /* MyAnimalPageCollectionViewCell.swift */; };
		7673B8512647D799007D062C /* MyAnimalPageCollectionViewCell.xib in Resources */ = {isa = PBXBuildFile; fileRef = 7673B84F2647D799007D062C /* MyAnimalPageCollectionViewCell.xib */; };
		767BD809261968680051DDEC /* ConceptTableViewCell.swift in Sources */ = {isa = PBXBuildFile; fileRef = 767BD808261968680051DDEC /* ConceptTableViewCell.swift */; };
		767BD80C2619687C0051DDEC /* ConceptViewController.swift in Sources */ = {isa = PBXBuildFile; fileRef = 767BD80B2619687C0051DDEC /* ConceptViewController.swift */; };
		7686723E261C4FB90037A4F3 /* Tab1.storyboard in Resources */ = {isa = PBXBuildFile; fileRef = 7686723C261C4FB90037A4F3 /* Tab1.storyboard */; };
		76867241261C4FCF0037A4F3 /* Tab2.storyboard in Resources */ = {isa = PBXBuildFile; fileRef = 76867240261C4FCF0037A4F3 /* Tab2.storyboard */; };
		76867245261C4FFF0037A4F3 /* LetterListTab.storyboard in Resources */ = {isa = PBXBuildFile; fileRef = 76867243261C4FFF0037A4F3 /* LetterListTab.storyboard */; };
		76867248261C501C0037A4F3 /* SettingTab.storyboard in Resources */ = {isa = PBXBuildFile; fileRef = 76867247261C501C0037A4F3 /* SettingTab.storyboard */; };
		7686724D261C51090037A4F3 /* SignUp.storyboard in Resources */ = {isa = PBXBuildFile; fileRef = 7686724B261C51090037A4F3 /* SignUp.storyboard */; };
		7691936C25D5000A0094B5BF /* LetterListViewController.swift in Sources */ = {isa = PBXBuildFile; fileRef = 7691936B25D5000A0094B5BF /* LetterListViewController.swift */; };
		7691937125D516630094B5BF /* SignUpViewController.swift in Sources */ = {isa = PBXBuildFile; fileRef = 7691937025D516630094B5BF /* SignUpViewController.swift */; };
		7691937425D54DDA0094B5BF /* LetterListTableViewCell.swift in Sources */ = {isa = PBXBuildFile; fileRef = 7691937325D54DDA0094B5BF /* LetterListTableViewCell.swift */; };
		76A590B9263BDCC600C70EA4 /* LanguageSelectCell.swift in Sources */ = {isa = PBXBuildFile; fileRef = 76A590B7263BDCC600C70EA4 /* LanguageSelectCell.swift */; };
		76A590BA263BDCC600C70EA4 /* LanguageSelectCell.xib in Resources */ = {isa = PBXBuildFile; fileRef = 76A590B8263BDCC600C70EA4 /* LanguageSelectCell.xib */; };
		76AF5B3F25D93D8500CA4183 /* letter.swift in Sources */ = {isa = PBXBuildFile; fileRef = 76AF5B3E25D93D8500CA4183 /* letter.swift */; };
		76AF5B4925D95A4300CA4183 /* LetterDetailViewController.swift in Sources */ = {isa = PBXBuildFile; fileRef = 76AF5B4825D95A4300CA4183 /* LetterDetailViewController.swift */; };
		76C30AE6264ADC4100035891 /* AccessoryCollectionViewCell.swift in Sources */ = {isa = PBXBuildFile; fileRef = 76C30AE4264ADC4100035891 /* AccessoryCollectionViewCell.swift */; };
		76C30AE7264ADC4100035891 /* AccessoryCollectionViewCell.xib in Resources */ = {isa = PBXBuildFile; fileRef = 76C30AE5264ADC4100035891 /* AccessoryCollectionViewCell.xib */; };
		76C30AE9264B0B9500035891 /* AnimalDetail.swift in Sources */ = {isa = PBXBuildFile; fileRef = 76C30AE8264B0B9500035891 /* AnimalDetail.swift */; };
		76C30AEB264B1EF800035891 /* MissionView.swift in Sources */ = {isa = PBXBuildFile; fileRef = 76C30AEA264B1EF800035891 /* MissionView.swift */; };
		76D1784D25CA922900C5ED37 /* AppDelegate.swift in Sources */ = {isa = PBXBuildFile; fileRef = 76D1784C25CA922900C5ED37 /* AppDelegate.swift */; };
		76D1784F25CA922900C5ED37 /* SceneDelegate.swift in Sources */ = {isa = PBXBuildFile; fileRef = 76D1784E25CA922900C5ED37 /* SceneDelegate.swift */; };
		76D1785125CA922900C5ED37 /* Login.swift in Sources */ = {isa = PBXBuildFile; fileRef = 76D1785025CA922900C5ED37 /* Login.swift */; };
		76D1785425CA922900C5ED37 /* Main.storyboard in Resources */ = {isa = PBXBuildFile; fileRef = 76D1785225CA922900C5ED37 /* Main.storyboard */; };
		76D1785625CA922900C5ED37 /* Assets.xcassets in Resources */ = {isa = PBXBuildFile; fileRef = 76D1785525CA922900C5ED37 /* Assets.xcassets */; };
		76D39120263729AD00AAC152 /* RandomReceive.swift in Sources */ = {isa = PBXBuildFile; fileRef = 76D3911F263729AD00AAC152 /* RandomReceive.swift */; };
		76D3E798263930F7007BD8E8 /* ConfirmLetter.swift in Sources */ = {isa = PBXBuildFile; fileRef = 76D3E797263930F7007BD8E8 /* ConfirmLetter.swift */; };
		76DD85CB26499A3B0041FFC1 /* AnimalCustom.swift in Sources */ = {isa = PBXBuildFile; fileRef = 76DD85CA26499A3B0041FFC1 /* AnimalCustom.swift */; };
		76F00000261AE184004D080E /* AnimalCollectionViewCell.swift in Sources */ = {isa = PBXBuildFile; fileRef = 76F0FFFE261AE184004D080E /* AnimalCollectionViewCell.swift */; };
		76F00001261AE184004D080E /* AnimalCollectionViewCell.xib in Resources */ = {isa = PBXBuildFile; fileRef = 76F0FFFF261AE184004D080E /* AnimalCollectionViewCell.xib */; };
		76F00004261AE640004D080E /* SelectAnimal.swift in Sources */ = {isa = PBXBuildFile; fileRef = 76F00003261AE640004D080E /* SelectAnimal.swift */; };
		940D492B0EA8978C9D05A3B0 /* Pods_anipal_1.framework in Frameworks */ = {isa = PBXBuildFile; fileRef = 6946DCF5EE6E85DB8CEE165B /* Pods_anipal_1.framework */; };
/* End PBXBuildFile section */

/* Begin PBXFileReference section */
		500E80C2AA263CE9C7669AC9 /* Pods-anipal 1.debug.xcconfig */ = {isa = PBXFileReference; includeInIndex = 1; lastKnownFileType = text.xcconfig; name = "Pods-anipal 1.debug.xcconfig"; path = "Target Support Files/Pods-anipal 1/Pods-anipal 1.debug.xcconfig"; sourceTree = "<group>"; };
		6946DCF5EE6E85DB8CEE165B /* Pods_anipal_1.framework */ = {isa = PBXFileReference; explicitFileType = wrapper.framework; includeInIndex = 0; path = Pods_anipal_1.framework; sourceTree = BUILT_PRODUCTS_DIR; };
		6C05C15C2618402B00FB744A /* FavoriteCell.swift */ = {isa = PBXFileReference; lastKnownFileType = sourcecode.swift; path = FavoriteCell.swift; sourceTree = "<group>"; };
		6C05C15F2618405700FB744A /* FavoriteCell.xib */ = {isa = PBXFileReference; lastKnownFileType = file.xib; path = FavoriteCell.xib; sourceTree = "<group>"; };
		6C1BECFA2651740A0039E454 /* ComingAnimals.swift */ = {isa = PBXFileReference; lastKnownFileType = sourcecode.swift; path = ComingAnimals.swift; sourceTree = "<group>"; };
		6C1BECFC265174350039E454 /* ComingAnimals.xib */ = {isa = PBXFileReference; lastKnownFileType = file.xib; path = ComingAnimals.xib; sourceTree = "<group>"; };
		6C1BED02265198940039E454 /* ComingAnimalCell.swift */ = {isa = PBXFileReference; lastKnownFileType = sourcecode.swift; path = ComingAnimalCell.swift; sourceTree = "<group>"; };
		6C1BED03265198940039E454 /* ComingAnimalCell.xib */ = {isa = PBXFileReference; lastKnownFileType = file.xib; path = ComingAnimalCell.xib; sourceTree = "<group>"; };
		6C1BED0A265250230039E454 /* ComingAnimalTableView.swift */ = {isa = PBXFileReference; lastKnownFileType = sourcecode.swift; path = ComingAnimalTableView.swift; sourceTree = "<group>"; };
		6C1BED0C2652502E0039E454 /* ComingAnimalTableView.xib */ = {isa = PBXFileReference; lastKnownFileType = file.xib; path = ComingAnimalTableView.xib; sourceTree = "<group>"; };
		6C1BED0E2652A4B30039E454 /* UIImageExtension.swift */ = {isa = PBXFileReference; lastKnownFileType = sourcecode.swift; path = UIImageExtension.swift; sourceTree = "<group>"; };
		6C1BED142652ABED0039E454 /* CustomSlider.swift */ = {isa = PBXFileReference; lastKnownFileType = sourcecode.swift; path = CustomSlider.swift; sourceTree = "<group>"; };
		6C2C429326178AFF007D2D71 /* FavoriteView.swift */ = {isa = PBXFileReference; lastKnownFileType = sourcecode.swift; path = FavoriteView.swift; sourceTree = "<group>"; };
		6C2C429626178B08007D2D71 /* FavoriteView.xib */ = {isa = PBXFileReference; lastKnownFileType = file.xib; path = FavoriteView.xib; sourceTree = "<group>"; };
		6C53ECF8261F6AF100D62EAD /* WriteNewLetter.xib */ = {isa = PBXFileReference; lastKnownFileType = file.xib; path = WriteNewLetter.xib; sourceTree = "<group>"; };
		6C53ECFB261F6B0E00D62EAD /* WriteNewLetter.swift */ = {isa = PBXFileReference; lastKnownFileType = sourcecode.swift; path = WriteNewLetter.swift; sourceTree = "<group>"; };
		6C5D653A2629575500A62334 /* MailBox.swift */ = {isa = PBXFileReference; lastKnownFileType = sourcecode.swift; path = MailBox.swift; sourceTree = "<group>"; };
		6C5D653D262C30B100A62334 /* Server.swift */ = {isa = PBXFileReference; lastKnownFileType = sourcecode.swift; path = Server.swift; sourceTree = "<group>"; };
		6C616338261AA8CE00998DF9 /* FavoriteViewController.swift */ = {isa = PBXFileReference; lastKnownFileType = sourcecode.swift; path = FavoriteViewController.swift; sourceTree = "<group>"; };
		6C66012C2663FB8700F4D36D /* BlockSettingVC.swift */ = {isa = PBXFileReference; lastKnownFileType = sourcecode.swift; path = BlockSettingVC.swift; sourceTree = "<group>"; };
		6C6601302664011900F4D36D /* BlockSettingViewCell.swift */ = {isa = PBXFileReference; lastKnownFileType = sourcecode.swift; path = BlockSettingViewCell.swift; sourceTree = "<group>"; };
		6C6A9A08261E149700EF93F4 /* LetterListCell.swift */ = {isa = PBXFileReference; lastKnownFileType = sourcecode.swift; path = LetterListCell.swift; sourceTree = "<group>"; };
		6C6A9A0B261E14FE00EF93F4 /* LetterListCell.xib */ = {isa = PBXFileReference; lastKnownFileType = file.xib; path = LetterListCell.xib; sourceTree = "<group>"; };
		6C7D9B9D2614BA4D003596EB /* SettingTableView.swift */ = {isa = PBXFileReference; lastKnownFileType = sourcecode.swift; path = SettingTableView.swift; sourceTree = "<group>"; };
		6C7D9BA12614D730003596EB /* DefaultInfoVC.swift */ = {isa = PBXFileReference; lastKnownFileType = sourcecode.swift; path = DefaultInfoVC.swift; sourceTree = "<group>"; };
		6C7D9BA42614DC0C003596EB /* LanguageSettingVC.swift */ = {isa = PBXFileReference; lastKnownFileType = sourcecode.swift; path = LanguageSettingVC.swift; sourceTree = "<group>"; };
		6C7D9BA72614DCF7003596EB /* ConceptSettingVC.swift */ = {isa = PBXFileReference; lastKnownFileType = sourcecode.swift; path = ConceptSettingVC.swift; sourceTree = "<group>"; };
		6C7D9BAA2614DD1A003596EB /* FavoriteSettingVC.swift */ = {isa = PBXFileReference; lastKnownFileType = sourcecode.swift; path = FavoriteSettingVC.swift; sourceTree = "<group>"; };
		6C7E056D263D1D8200FC06A3 /* ReplyPage.swift */ = {isa = PBXFileReference; lastKnownFileType = sourcecode.swift; path = ReplyPage.swift; sourceTree = "<group>"; };
		6C9B77422619CBAF00E82303 /* userInfo.swift */ = {isa = PBXFileReference; lastKnownFileType = sourcecode.swift; path = userInfo.swift; sourceTree = "<group>"; };
		6C9B77452619E71400E82303 /* favorites.swift */ = {isa = PBXFileReference; lastKnownFileType = sourcecode.swift; path = favorites.swift; sourceTree = "<group>"; };
		6CFB759C2615AD710017F160 /* en */ = {isa = PBXFileReference; lastKnownFileType = text.plist.strings; name = en; path = en.lproj/Localizable.strings; sourceTree = "<group>"; };
		6CFB759F2615AD8F0017F160 /* ko */ = {isa = PBXFileReference; lastKnownFileType = text.plist.strings; name = ko; path = ko.lproj/Localizable.strings; sourceTree = "<group>"; };
		6CFB75A52615F7460017F160 /* StringExtension.swift */ = {isa = PBXFileReference; lastKnownFileType = sourcecode.swift; path = StringExtension.swift; sourceTree = "<group>"; };
		761165F025D8308400577F92 /* SignUpViewController2.swift */ = {isa = PBXFileReference; lastKnownFileType = sourcecode.swift; path = SignUpViewController2.swift; sourceTree = "<group>"; };
		761D515D2618C86A00089040 /* LanguageTableViewCell.swift */ = {isa = PBXFileReference; lastKnownFileType = sourcecode.swift; path = LanguageTableViewCell.swift; sourceTree = "<group>"; };
		7621D289265FFE4800A6C798 /* anipal 1Release.entitlements */ = {isa = PBXFileReference; lastKnownFileType = text.plist.entitlements; path = "anipal 1Release.entitlements"; sourceTree = "<group>"; };
		7621D28C266002B600A6C798 /* GoogleService-Info.plist */ = {isa = PBXFileReference; fileEncoding = 4; lastKnownFileType = text.plist.xml; path = "GoogleService-Info.plist"; sourceTree = "<group>"; };
		7621D28E26600CDA00A6C798 /* anipal 1Debug.entitlements */ = {isa = PBXFileReference; lastKnownFileType = text.plist.entitlements; path = "anipal 1Debug.entitlements"; sourceTree = "<group>"; };
		762A36D32621CCEE00BDC643 /* SelectAnimal1.swift */ = {isa = PBXFileReference; lastKnownFileType = sourcecode.swift; path = SelectAnimal1.swift; sourceTree = "<group>"; };
		7636AE91264FFB1C0040F2F6 /* Accessory.swift */ = {isa = PBXFileReference; lastKnownFileType = sourcecode.swift; path = Accessory.swift; sourceTree = "<group>"; };
		7657F0BC25CAE46400403881 /* 구글로고.jpg */ = {isa = PBXFileReference; lastKnownFileType = image.jpeg; path = "구글로고.jpg"; sourceTree = "<group>"; };
		76686FC725CE2C5F00536E36 /* MainPage.swift */ = {isa = PBXFileReference; lastKnownFileType = sourcecode.swift; path = MainPage.swift; sourceTree = "<group>"; };
		76686FCA25CE2FFC00536E36 /* WritingPage.swift */ = {isa = PBXFileReference; lastKnownFileType = sourcecode.swift; name = WritingPage.swift; path = ../Tab1/WritingPage.swift; sourceTree = "<group>"; };
		76686FD125CE9F3E00536E36 /* SelectAnimalCollectionViewCell.swift */ = {isa = PBXFileReference; lastKnownFileType = sourcecode.swift; path = SelectAnimalCollectionViewCell.swift; sourceTree = "<group>"; };
		76686FD425CE9FE800536E36 /* SelectAnimalPage.swift */ = {isa = PBXFileReference; lastKnownFileType = sourcecode.swift; path = SelectAnimalPage.swift; sourceTree = "<group>"; };
		76686FE525CEAB7300536E36 /* animal.swift */ = {isa = PBXFileReference; lastKnownFileType = sourcecode.swift; path = animal.swift; sourceTree = "<group>"; };
		7668701825D1318400536E36 /* Launch Screen2.storyboard */ = {isa = PBXFileReference; lastKnownFileType = file.storyboard; path = "Launch Screen2.storyboard"; sourceTree = "<group>"; };
		7668701B25D13AB200536E36 /* StartPage.swift */ = {isa = PBXFileReference; lastKnownFileType = sourcecode.swift; path = StartPage.swift; sourceTree = "<group>"; };
		7668702425D15BB900536E36 /* SettingTab.swift */ = {isa = PBXFileReference; lastKnownFileType = sourcecode.swift; path = SettingTab.swift; sourceTree = "<group>"; };
		7673B84C2647D3C0007D062C /* MyAnimalPage.swift */ = {isa = PBXFileReference; lastKnownFileType = sourcecode.swift; path = MyAnimalPage.swift; sourceTree = "<group>"; };
		7673B84E2647D799007D062C /* MyAnimalPageCollectionViewCell.swift */ = {isa = PBXFileReference; lastKnownFileType = sourcecode.swift; path = MyAnimalPageCollectionViewCell.swift; sourceTree = "<group>"; };
		7673B84F2647D799007D062C /* MyAnimalPageCollectionViewCell.xib */ = {isa = PBXFileReference; lastKnownFileType = file.xib; path = MyAnimalPageCollectionViewCell.xib; sourceTree = "<group>"; };
		767BD808261968680051DDEC /* ConceptTableViewCell.swift */ = {isa = PBXFileReference; lastKnownFileType = sourcecode.swift; path = ConceptTableViewCell.swift; sourceTree = "<group>"; };
		767BD80B2619687C0051DDEC /* ConceptViewController.swift */ = {isa = PBXFileReference; lastKnownFileType = sourcecode.swift; path = ConceptViewController.swift; sourceTree = "<group>"; };
		7686723D261C4FB90037A4F3 /* Base */ = {isa = PBXFileReference; lastKnownFileType = file.storyboard; name = Base; path = Base.lproj/Tab1.storyboard; sourceTree = "<group>"; };
		76867240261C4FCF0037A4F3 /* Tab2.storyboard */ = {isa = PBXFileReference; fileEncoding = 4; lastKnownFileType = file.storyboard; path = Tab2.storyboard; sourceTree = SOURCE_ROOT; };
		76867244261C4FFF0037A4F3 /* Base */ = {isa = PBXFileReference; lastKnownFileType = file.storyboard; name = Base; path = Base.lproj/LetterListTab.storyboard; sourceTree = "<group>"; };
		76867247261C501C0037A4F3 /* SettingTab.storyboard */ = {isa = PBXFileReference; fileEncoding = 4; lastKnownFileType = file.storyboard; path = SettingTab.storyboard; sourceTree = SOURCE_ROOT; };
		7686724C261C51090037A4F3 /* Base */ = {isa = PBXFileReference; lastKnownFileType = file.storyboard; name = Base; path = Base.lproj/SignUp.storyboard; sourceTree = "<group>"; };
		7691936B25D5000A0094B5BF /* LetterListViewController.swift */ = {isa = PBXFileReference; lastKnownFileType = sourcecode.swift; path = LetterListViewController.swift; sourceTree = "<group>"; };
		7691937025D516630094B5BF /* SignUpViewController.swift */ = {isa = PBXFileReference; lastKnownFileType = sourcecode.swift; path = SignUpViewController.swift; sourceTree = "<group>"; };
		7691937325D54DDA0094B5BF /* LetterListTableViewCell.swift */ = {isa = PBXFileReference; lastKnownFileType = sourcecode.swift; path = LetterListTableViewCell.swift; sourceTree = "<group>"; };
		76A590B7263BDCC600C70EA4 /* LanguageSelectCell.swift */ = {isa = PBXFileReference; lastKnownFileType = sourcecode.swift; path = LanguageSelectCell.swift; sourceTree = "<group>"; };
		76A590B8263BDCC600C70EA4 /* LanguageSelectCell.xib */ = {isa = PBXFileReference; lastKnownFileType = file.xib; path = LanguageSelectCell.xib; sourceTree = "<group>"; };
		76AF5B3E25D93D8500CA4183 /* letter.swift */ = {isa = PBXFileReference; lastKnownFileType = sourcecode.swift; path = letter.swift; sourceTree = "<group>"; };
		76AF5B4825D95A4300CA4183 /* LetterDetailViewController.swift */ = {isa = PBXFileReference; lastKnownFileType = sourcecode.swift; path = LetterDetailViewController.swift; sourceTree = "<group>"; };
		76C30AE4264ADC4100035891 /* AccessoryCollectionViewCell.swift */ = {isa = PBXFileReference; lastKnownFileType = sourcecode.swift; path = AccessoryCollectionViewCell.swift; sourceTree = "<group>"; };
		76C30AE5264ADC4100035891 /* AccessoryCollectionViewCell.xib */ = {isa = PBXFileReference; lastKnownFileType = file.xib; path = AccessoryCollectionViewCell.xib; sourceTree = "<group>"; };
		76C30AE8264B0B9500035891 /* AnimalDetail.swift */ = {isa = PBXFileReference; lastKnownFileType = sourcecode.swift; path = AnimalDetail.swift; sourceTree = "<group>"; };
		76C30AEA264B1EF800035891 /* MissionView.swift */ = {isa = PBXFileReference; lastKnownFileType = sourcecode.swift; path = MissionView.swift; sourceTree = "<group>"; };
		76D1784925CA922900C5ED37 /* anipal 1.app */ = {isa = PBXFileReference; explicitFileType = wrapper.application; includeInIndex = 0; path = "anipal 1.app"; sourceTree = BUILT_PRODUCTS_DIR; };
		76D1784C25CA922900C5ED37 /* AppDelegate.swift */ = {isa = PBXFileReference; lastKnownFileType = sourcecode.swift; path = AppDelegate.swift; sourceTree = "<group>"; };
		76D1784E25CA922900C5ED37 /* SceneDelegate.swift */ = {isa = PBXFileReference; lastKnownFileType = sourcecode.swift; path = SceneDelegate.swift; sourceTree = "<group>"; };
		76D1785025CA922900C5ED37 /* Login.swift */ = {isa = PBXFileReference; lastKnownFileType = sourcecode.swift; path = Login.swift; sourceTree = "<group>"; };
		76D1785325CA922900C5ED37 /* Base */ = {isa = PBXFileReference; lastKnownFileType = file.storyboard; name = Base; path = Base.lproj/Main.storyboard; sourceTree = "<group>"; };
		76D1785525CA922900C5ED37 /* Assets.xcassets */ = {isa = PBXFileReference; lastKnownFileType = folder.assetcatalog; path = Assets.xcassets; sourceTree = "<group>"; };
		76D1785A25CA922900C5ED37 /* Info.plist */ = {isa = PBXFileReference; lastKnownFileType = text.plist.xml; path = Info.plist; sourceTree = "<group>"; };
		76D3911F263729AD00AAC152 /* RandomReceive.swift */ = {isa = PBXFileReference; lastKnownFileType = sourcecode.swift; path = RandomReceive.swift; sourceTree = "<group>"; };
		76D3E797263930F7007BD8E8 /* ConfirmLetter.swift */ = {isa = PBXFileReference; lastKnownFileType = sourcecode.swift; path = ConfirmLetter.swift; sourceTree = "<group>"; };
		76DD85CA26499A3B0041FFC1 /* AnimalCustom.swift */ = {isa = PBXFileReference; lastKnownFileType = sourcecode.swift; path = AnimalCustom.swift; sourceTree = "<group>"; };
		76F00003261AE640004D080E /* SelectAnimal.swift */ = {isa = PBXFileReference; lastKnownFileType = sourcecode.swift; path = SelectAnimal.swift; sourceTree = "<group>"; };
		76F0FFFE261AE184004D080E /* AnimalCollectionViewCell.swift */ = {isa = PBXFileReference; lastKnownFileType = sourcecode.swift; path = AnimalCollectionViewCell.swift; sourceTree = "<group>"; };
		76F0FFFF261AE184004D080E /* AnimalCollectionViewCell.xib */ = {isa = PBXFileReference; lastKnownFileType = file.xib; path = AnimalCollectionViewCell.xib; sourceTree = "<group>"; };
		DBBC9A4356E4335F84979825 /* Pods-anipal 1.release.xcconfig */ = {isa = PBXFileReference; includeInIndex = 1; lastKnownFileType = text.xcconfig; name = "Pods-anipal 1.release.xcconfig"; path = "Target Support Files/Pods-anipal 1/Pods-anipal 1.release.xcconfig"; sourceTree = "<group>"; };
/* End PBXFileReference section */

/* Begin PBXFrameworksBuildPhase section */
		76D1784625CA922900C5ED37 /* Frameworks */ = {
			isa = PBXFrameworksBuildPhase;
			buildActionMask = 2147483647;
			files = (
				940D492B0EA8978C9D05A3B0 /* Pods_anipal_1.framework in Frameworks */,
			);
			runOnlyForDeploymentPostprocessing = 0;
		};
/* End PBXFrameworksBuildPhase section */

/* Begin PBXGroup section */
		0B129D0D0ADF84E65E2AA530 /* Frameworks */ = {
			isa = PBXGroup;
			children = (
				6946DCF5EE6E85DB8CEE165B /* Pods_anipal_1.framework */,
			);
			name = Frameworks;
			sourceTree = "<group>";
		};
		6C2C429226178AF1007D2D71 /* CustomView */ = {
			isa = PBXGroup;
			children = (
				6C2C429326178AFF007D2D71 /* FavoriteView.swift */,
				6C2C429626178B08007D2D71 /* FavoriteView.xib */,
				6C05C15C2618402B00FB744A /* FavoriteCell.swift */,
				6C05C15F2618405700FB744A /* FavoriteCell.xib */,
				76F0FFFE261AE184004D080E /* AnimalCollectionViewCell.swift */,
				76F0FFFF261AE184004D080E /* AnimalCollectionViewCell.xib */,
				6C6A9A08261E149700EF93F4 /* LetterListCell.swift */,
				6C6A9A0B261E14FE00EF93F4 /* LetterListCell.xib */,
				6C53ECF8261F6AF100D62EAD /* WriteNewLetter.xib */,
				6C53ECFB261F6B0E00D62EAD /* WriteNewLetter.swift */,
				76A590B7263BDCC600C70EA4 /* LanguageSelectCell.swift */,
				76A590B8263BDCC600C70EA4 /* LanguageSelectCell.xib */,
				6C1BECFA2651740A0039E454 /* ComingAnimals.swift */,
				6C1BECFC265174350039E454 /* ComingAnimals.xib */,
				6C1BED0A265250230039E454 /* ComingAnimalTableView.swift */,
				6C1BED0C2652502E0039E454 /* ComingAnimalTableView.xib */,
				6C1BED02265198940039E454 /* ComingAnimalCell.swift */,
				6C1BED03265198940039E454 /* ComingAnimalCell.xib */,
			);
			path = CustomView;
			sourceTree = "<group>";
		};
		6CFB75972615AD2D0017F160 /* Localizing */ = {
			isa = PBXGroup;
			children = (
				6CFB759D2615AD710017F160 /* Localizable.strings */,
				6CFB75A52615F7460017F160 /* StringExtension.swift */,
			);
			path = Localizing;
			sourceTree = "<group>";
		};
		7657F0BB25CAE44C00403881 /* Images */ = {
			isa = PBXGroup;
			children = (
				7657F0BC25CAE46400403881 /* 구글로고.jpg */,
			);
			path = Images;
			sourceTree = "<group>";
		};
		7686722C261C4D930037A4F3 /* Tab1 */ = {
			isa = PBXGroup;
			children = (
				76686FC725CE2C5F00536E36 /* MainPage.swift */,
				76D3E797263930F7007BD8E8 /* ConfirmLetter.swift */,
				76686FD425CE9FE800536E36 /* SelectAnimalPage.swift */,
				76686FD125CE9F3E00536E36 /* SelectAnimalCollectionViewCell.swift */,
				762A36D32621CCEE00BDC643 /* SelectAnimal1.swift */,
			);
			path = Tab1;
			sourceTree = "<group>";
		};
		76867230261C4DF30037A4F3 /* Tab2 */ = {
			isa = PBXGroup;
			children = (
				7673B84C2647D3C0007D062C /* MyAnimalPage.swift */,
				7673B84E2647D799007D062C /* MyAnimalPageCollectionViewCell.swift */,
				7673B84F2647D799007D062C /* MyAnimalPageCollectionViewCell.xib */,
				76DD85CA26499A3B0041FFC1 /* AnimalCustom.swift */,
				76C30AE4264ADC4100035891 /* AccessoryCollectionViewCell.swift */,
				76C30AE5264ADC4100035891 /* AccessoryCollectionViewCell.xib */,
				76C30AE8264B0B9500035891 /* AnimalDetail.swift */,
				76C30AEA264B1EF800035891 /* MissionView.swift */,
			);
			path = Tab2;
			sourceTree = "<group>";
		};
		76867233261C4E3C0037A4F3 /* LetterListTab */ = {
			isa = PBXGroup;
			children = (
				76686FCA25CE2FFC00536E36 /* WritingPage.swift */,
				7691936B25D5000A0094B5BF /* LetterListViewController.swift */,
				7691937325D54DDA0094B5BF /* LetterListTableViewCell.swift */,
				76AF5B4825D95A4300CA4183 /* LetterDetailViewController.swift */,
				6C7E056D263D1D8200FC06A3 /* ReplyPage.swift */,
			);
			path = LetterListTab;
			sourceTree = "<group>";
		};
		76867235261C4E600037A4F3 /* SettingTab */ = {
			isa = PBXGroup;
			children = (
				7668702425D15BB900536E36 /* SettingTab.swift */,
				6C7D9B9D2614BA4D003596EB /* SettingTableView.swift */,
				6C7D9BA12614D730003596EB /* DefaultInfoVC.swift */,
				6C7D9BA42614DC0C003596EB /* LanguageSettingVC.swift */,
				6C7D9BA72614DCF7003596EB /* ConceptSettingVC.swift */,
				6C7D9BAA2614DD1A003596EB /* FavoriteSettingVC.swift */,
				6C66012C2663FB8700F4D36D /* BlockSettingVC.swift */,
				6C6601302664011900F4D36D /* BlockSettingViewCell.swift */,
			);
			path = SettingTab;
			sourceTree = "<group>";
		};
		76867236261C4E8D0037A4F3 /* SignUp */ = {
			isa = PBXGroup;
			children = (
				7691937025D516630094B5BF /* SignUpViewController.swift */,
				76F00003261AE640004D080E /* SelectAnimal.swift */,
				761165F025D8308400577F92 /* SignUpViewController2.swift */,
				761D515D2618C86A00089040 /* LanguageTableViewCell.swift */,
				767BD808261968680051DDEC /* ConceptTableViewCell.swift */,
				767BD80B2619687C0051DDEC /* ConceptViewController.swift */,
				6C616338261AA8CE00998DF9 /* FavoriteViewController.swift */,
			);
			path = SignUp;
			sourceTree = "<group>";
		};
		76AF5B4325D9400700CA4183 /* Model */ = {
			isa = PBXGroup;
			children = (
				76686FE525CEAB7300536E36 /* animal.swift */,
				76AF5B3E25D93D8500CA4183 /* letter.swift */,
				6C9B77422619CBAF00E82303 /* userInfo.swift */,
				6C9B77452619E71400E82303 /* favorites.swift */,
				6C5D653A2629575500A62334 /* MailBox.swift */,
				76D3911F263729AD00AAC152 /* RandomReceive.swift */,
				7636AE91264FFB1C0040F2F6 /* Accessory.swift */,
			);
			path = Model;
			sourceTree = "<group>";
		};
		76AF5B4425D9402900CA4183 /* View */ = {
			isa = PBXGroup;
			children = (
				76D1785225CA922900C5ED37 /* Main.storyboard */,
				7686724B261C51090037A4F3 /* SignUp.storyboard */,
				7686723C261C4FB90037A4F3 /* Tab1.storyboard */,
				76867240261C4FCF0037A4F3 /* Tab2.storyboard */,
				76867243261C4FFF0037A4F3 /* LetterListTab.storyboard */,
				76867247261C501C0037A4F3 /* SettingTab.storyboard */,
				6C2C429226178AF1007D2D71 /* CustomView */,
			);
			path = View;
			sourceTree = "<group>";
		};
		76AF5B4525D9405D00CA4183 /* Controller */ = {
			isa = PBXGroup;
			children = (
				76867236261C4E8D0037A4F3 /* SignUp */,
				7686722C261C4D930037A4F3 /* Tab1 */,
				76867230261C4DF30037A4F3 /* Tab2 */,
				76867233261C4E3C0037A4F3 /* LetterListTab */,
				76867235261C4E600037A4F3 /* SettingTab */,
				7668701B25D13AB200536E36 /* StartPage.swift */,
				76D1785025CA922900C5ED37 /* Login.swift */,
			);
			path = Controller;
			sourceTree = "<group>";
		};
		76D1784025CA922900C5ED37 = {
			isa = PBXGroup;
			children = (
				76D1784B25CA922900C5ED37 /* anipal 1 */,
				76D1784A25CA922900C5ED37 /* Products */,
				BD0EBDB70B133885EF60E2CA /* Pods */,
				0B129D0D0ADF84E65E2AA530 /* Frameworks */,
			);
			sourceTree = "<group>";
		};
		76D1784A25CA922900C5ED37 /* Products */ = {
			isa = PBXGroup;
			children = (
				76D1784925CA922900C5ED37 /* anipal 1.app */,
			);
			name = Products;
			sourceTree = "<group>";
		};
		76D1784B25CA922900C5ED37 /* anipal 1 */ = {
			isa = PBXGroup;
			children = (
				7621D28E26600CDA00A6C798 /* anipal 1Debug.entitlements */,
				7621D289265FFE4800A6C798 /* anipal 1Release.entitlements */,
				6CFB75972615AD2D0017F160 /* Localizing */,
				7657F0BB25CAE44C00403881 /* Images */,
				76D1784C25CA922900C5ED37 /* AppDelegate.swift */,
				6C1BED142652ABED0039E454 /* CustomSlider.swift */,
				6C1BED0E2652A4B30039E454 /* UIImageExtension.swift */,
				76D1784E25CA922900C5ED37 /* SceneDelegate.swift */,
				6C5D653D262C30B100A62334 /* Server.swift */,
				76AF5B4325D9400700CA4183 /* Model */,
				76AF5B4425D9402900CA4183 /* View */,
				76AF5B4525D9405D00CA4183 /* Controller */,
				76D1785525CA922900C5ED37 /* Assets.xcassets */,
				7668701825D1318400536E36 /* Launch Screen2.storyboard */,
				76D1785A25CA922900C5ED37 /* Info.plist */,
				7621D28C266002B600A6C798 /* GoogleService-Info.plist */,
			);
			path = "anipal 1";
			sourceTree = "<group>";
		};
		BD0EBDB70B133885EF60E2CA /* Pods */ = {
			isa = PBXGroup;
			children = (
				500E80C2AA263CE9C7669AC9 /* Pods-anipal 1.debug.xcconfig */,
				DBBC9A4356E4335F84979825 /* Pods-anipal 1.release.xcconfig */,
			);
			path = Pods;
			sourceTree = "<group>";
		};
/* End PBXGroup section */

/* Begin PBXNativeTarget section */
		76D1784825CA922900C5ED37 /* anipal 1 */ = {
			isa = PBXNativeTarget;
			buildConfigurationList = 76D1785D25CA922900C5ED37 /* Build configuration list for PBXNativeTarget "anipal 1" */;
			buildPhases = (
				554A62A13F86384FA817B2EA /* [CP] Check Pods Manifest.lock */,
				76D1784525CA922900C5ED37 /* Sources */,
				76D1784625CA922900C5ED37 /* Frameworks */,
				76D1784725CA922900C5ED37 /* Resources */,
				CE19501497156BE2955C52CE /* [CP] Embed Pods Frameworks */,
				0D27D1DBBC018597DF0EDDC4 /* [CP] Copy Pods Resources */,
			);
			buildRules = (
			);
			dependencies = (
			);
			name = "anipal 1";
			productName = "anipal 1";
			productReference = 76D1784925CA922900C5ED37 /* anipal 1.app */;
			productType = "com.apple.product-type.application";
		};
/* End PBXNativeTarget section */

/* Begin PBXProject section */
		76D1784125CA922900C5ED37 /* Project object */ = {
			isa = PBXProject;
			attributes = {
				LastSwiftUpdateCheck = 1230;
				LastUpgradeCheck = 1230;
				TargetAttributes = {
					76D1784825CA922900C5ED37 = {
						CreatedOnToolsVersion = 12.3;
					};
				};
			};
			buildConfigurationList = 76D1784425CA922900C5ED37 /* Build configuration list for PBXProject "anipal 1" */;
			compatibilityVersion = "Xcode 9.3";
			developmentRegion = en;
			hasScannedForEncodings = 0;
			knownRegions = (
				en,
				Base,
				ko,
			);
			mainGroup = 76D1784025CA922900C5ED37;
			productRefGroup = 76D1784A25CA922900C5ED37 /* Products */;
			projectDirPath = "";
			projectRoot = "";
			targets = (
				76D1784825CA922900C5ED37 /* anipal 1 */,
			);
		};
/* End PBXProject section */

/* Begin PBXResourcesBuildPhase section */
		76D1784725CA922900C5ED37 /* Resources */ = {
			isa = PBXResourcesBuildPhase;
			buildActionMask = 2147483647;
			files = (
				7686723E261C4FB90037A4F3 /* Tab1.storyboard in Resources */,
				6C6A9A0C261E14FF00EF93F4 /* LetterListCell.xib in Resources */,
				6C1BED05265198940039E454 /* ComingAnimalCell.xib in Resources */,
				6C1BED0D2652502E0039E454 /* ComingAnimalTableView.xib in Resources */,
				6C53ECF9261F6AF100D62EAD /* WriteNewLetter.xib in Resources */,
				6CFB759B2615AD710017F160 /* Localizable.strings in Resources */,
				76D1785625CA922900C5ED37 /* Assets.xcassets in Resources */,
				6C2C429726178B08007D2D71 /* FavoriteView.xib in Resources */,
				76D1785425CA922900C5ED37 /* Main.storyboard in Resources */,
				76867241261C4FCF0037A4F3 /* Tab2.storyboard in Resources */,
				7657F0BD25CAE46400403881 /* 구글로고.jpg in Resources */,
				7686724D261C51090037A4F3 /* SignUp.storyboard in Resources */,
				6C1BECFD265174350039E454 /* ComingAnimals.xib in Resources */,
				7668701925D1318400536E36 /* Launch Screen2.storyboard in Resources */,
				76A590BA263BDCC600C70EA4 /* LanguageSelectCell.xib in Resources */,
				7673B8512647D799007D062C /* MyAnimalPageCollectionViewCell.xib in Resources */,
				7621D28D266002B600A6C798 /* GoogleService-Info.plist in Resources */,
				76F00001261AE184004D080E /* AnimalCollectionViewCell.xib in Resources */,
				76867248261C501C0037A4F3 /* SettingTab.storyboard in Resources */,
				76C30AE7264ADC4100035891 /* AccessoryCollectionViewCell.xib in Resources */,
				6C05C1602618405700FB744A /* FavoriteCell.xib in Resources */,
				76867245261C4FFF0037A4F3 /* LetterListTab.storyboard in Resources */,
			);
			runOnlyForDeploymentPostprocessing = 0;
		};
/* End PBXResourcesBuildPhase section */

/* Begin PBXShellScriptBuildPhase section */
		0D27D1DBBC018597DF0EDDC4 /* [CP] Copy Pods Resources */ = {
			isa = PBXShellScriptBuildPhase;
			buildActionMask = 2147483647;
			files = (
			);
			inputFileListPaths = (
				"${PODS_ROOT}/Target Support Files/Pods-anipal 1/Pods-anipal 1-resources-${CONFIGURATION}-input-files.xcfilelist",
			);
			name = "[CP] Copy Pods Resources";
			outputFileListPaths = (
				"${PODS_ROOT}/Target Support Files/Pods-anipal 1/Pods-anipal 1-resources-${CONFIGURATION}-output-files.xcfilelist",
			);
			runOnlyForDeploymentPostprocessing = 0;
			shellPath = /bin/sh;
			shellScript = "\"${PODS_ROOT}/Target Support Files/Pods-anipal 1/Pods-anipal 1-resources.sh\"\n";
			showEnvVarsInLog = 0;
		};
		554A62A13F86384FA817B2EA /* [CP] Check Pods Manifest.lock */ = {
			isa = PBXShellScriptBuildPhase;
			buildActionMask = 2147483647;
			files = (
			);
			inputFileListPaths = (
			);
			inputPaths = (
				"${PODS_PODFILE_DIR_PATH}/Podfile.lock",
				"${PODS_ROOT}/Manifest.lock",
			);
			name = "[CP] Check Pods Manifest.lock";
			outputFileListPaths = (
			);
			outputPaths = (
				"$(DERIVED_FILE_DIR)/Pods-anipal 1-checkManifestLockResult.txt",
			);
			runOnlyForDeploymentPostprocessing = 0;
			shellPath = /bin/sh;
			shellScript = "diff \"${PODS_PODFILE_DIR_PATH}/Podfile.lock\" \"${PODS_ROOT}/Manifest.lock\" > /dev/null\nif [ $? != 0 ] ; then\n    # print error to STDERR\n    echo \"error: The sandbox is not in sync with the Podfile.lock. Run 'pod install' or update your CocoaPods installation.\" >&2\n    exit 1\nfi\n# This output is used by Xcode 'outputs' to avoid re-running this script phase.\necho \"SUCCESS\" > \"${SCRIPT_OUTPUT_FILE_0}\"\n";
			showEnvVarsInLog = 0;
		};
		CE19501497156BE2955C52CE /* [CP] Embed Pods Frameworks */ = {
			isa = PBXShellScriptBuildPhase;
			buildActionMask = 2147483647;
			files = (
			);
			inputFileListPaths = (
				"${PODS_ROOT}/Target Support Files/Pods-anipal 1/Pods-anipal 1-frameworks-${CONFIGURATION}-input-files.xcfilelist",
			);
			name = "[CP] Embed Pods Frameworks";
			outputFileListPaths = (
				"${PODS_ROOT}/Target Support Files/Pods-anipal 1/Pods-anipal 1-frameworks-${CONFIGURATION}-output-files.xcfilelist",
			);
			runOnlyForDeploymentPostprocessing = 0;
			shellPath = /bin/sh;
			shellScript = "\"${PODS_ROOT}/Target Support Files/Pods-anipal 1/Pods-anipal 1-frameworks.sh\"\n";
			showEnvVarsInLog = 0;
		};
/* End PBXShellScriptBuildPhase section */

/* Begin PBXSourcesBuildPhase section */
		76D1784525CA922900C5ED37 /* Sources */ = {
			isa = PBXSourcesBuildPhase;
			buildActionMask = 2147483647;
			files = (
				76C30AEB264B1EF800035891 /* MissionView.swift in Sources */,
				76D1785125CA922900C5ED37 /* Login.swift in Sources */,
				6C6A9A09261E149700EF93F4 /* LetterListCell.swift in Sources */,
				76DD85CB26499A3B0041FFC1 /* AnimalCustom.swift in Sources */,
				7668702525D15BB900536E36 /* SettingTab.swift in Sources */,
				6C7D9BAB2614DD1A003596EB /* FavoriteSettingVC.swift in Sources */,
				7636AE92264FFB1C0040F2F6 /* Accessory.swift in Sources */,
				6C2C429426178AFF007D2D71 /* FavoriteView.swift in Sources */,
				76F00004261AE640004D080E /* SelectAnimal.swift in Sources */,
				6C6601312664011900F4D36D /* BlockSettingViewCell.swift in Sources */,
				76D1784D25CA922900C5ED37 /* AppDelegate.swift in Sources */,
				767BD809261968680051DDEC /* ConceptTableViewCell.swift in Sources */,
				6C53ECFC261F6B0E00D62EAD /* WriteNewLetter.swift in Sources */,
				76686FD225CE9F3E00536E36 /* SelectAnimalCollectionViewCell.swift in Sources */,
				7691937425D54DDA0094B5BF /* LetterListTableViewCell.swift in Sources */,
				6C1BED04265198940039E454 /* ComingAnimalCell.swift in Sources */,
				6C7E056E263D1D8200FC06A3 /* ReplyPage.swift in Sources */,
				7691936C25D5000A0094B5BF /* LetterListViewController.swift in Sources */,
				6C5D653B2629575500A62334 /* MailBox.swift in Sources */,
				76D1784F25CA922900C5ED37 /* SceneDelegate.swift in Sources */,
				76AF5B3F25D93D8500CA4183 /* letter.swift in Sources */,
				76C30AE6264ADC4100035891 /* AccessoryCollectionViewCell.swift in Sources */,
				6C616339261AA8CE00998DF9 /* FavoriteViewController.swift in Sources */,
				7673B84D2647D3C0007D062C /* MyAnimalPage.swift in Sources */,
				76C30AE9264B0B9500035891 /* AnimalDetail.swift in Sources */,
				76D3E798263930F7007BD8E8 /* ConfirmLetter.swift in Sources */,
				6C1BED152652ABED0039E454 /* CustomSlider.swift in Sources */,
				6C7D9BA52614DC0C003596EB /* LanguageSettingVC.swift in Sources */,
				76F00000261AE184004D080E /* AnimalCollectionViewCell.swift in Sources */,
				76686FE625CEAB7300536E36 /* animal.swift in Sources */,
				6C1BED0B265250230039E454 /* ComingAnimalTableView.swift in Sources */,
				767BD80C2619687C0051DDEC /* ConceptViewController.swift in Sources */,
				6C05C15D2618402B00FB744A /* FavoriteCell.swift in Sources */,
				76686FCB25CE2FFC00536E36 /* WritingPage.swift in Sources */,
				6C7D9BA82614DCF7003596EB /* ConceptSettingVC.swift in Sources */,
				76AF5B4925D95A4300CA4183 /* LetterDetailViewController.swift in Sources */,
				6C66012D2663FB8700F4D36D /* BlockSettingVC.swift in Sources */,
				6C9B77432619CBAF00E82303 /* userInfo.swift in Sources */,
				7673B8502647D799007D062C /* MyAnimalPageCollectionViewCell.swift in Sources */,
				6C7D9BA22614D730003596EB /* DefaultInfoVC.swift in Sources */,
				6C1BECFB2651740A0039E454 /* ComingAnimals.swift in Sources */,
				6C7D9B9E2614BA4D003596EB /* SettingTableView.swift in Sources */,
				761165F125D8308400577F92 /* SignUpViewController2.swift in Sources */,
				76686FC825CE2C5F00536E36 /* MainPage.swift in Sources */,
				76D39120263729AD00AAC152 /* RandomReceive.swift in Sources */,
				7668701C25D13AB200536E36 /* StartPage.swift in Sources */,
				6CFB75A62615F7460017F160 /* StringExtension.swift in Sources */,
				7691937125D516630094B5BF /* SignUpViewController.swift in Sources */,
				762A36D42621CCEE00BDC643 /* SelectAnimal1.swift in Sources */,
				761D515E2618C86A00089040 /* LanguageTableViewCell.swift in Sources */,
				76A590B9263BDCC600C70EA4 /* LanguageSelectCell.swift in Sources */,
				6C1BED0F2652A4B30039E454 /* UIImageExtension.swift in Sources */,
				6C9B77462619E71400E82303 /* favorites.swift in Sources */,
				76686FD525CE9FE800536E36 /* SelectAnimalPage.swift in Sources */,
				6C5D653E262C30B100A62334 /* Server.swift in Sources */,
			);
			runOnlyForDeploymentPostprocessing = 0;
		};
/* End PBXSourcesBuildPhase section */

/* Begin PBXVariantGroup section */
		6CFB759D2615AD710017F160 /* Localizable.strings */ = {
			isa = PBXVariantGroup;
			children = (
				6CFB759C2615AD710017F160 /* en */,
				6CFB759F2615AD8F0017F160 /* ko */,
			);
			name = Localizable.strings;
			sourceTree = "<group>";
		};
		7686723C261C4FB90037A4F3 /* Tab1.storyboard */ = {
			isa = PBXVariantGroup;
			children = (
				7686723D261C4FB90037A4F3 /* Base */,
			);
			name = Tab1.storyboard;
			sourceTree = "<group>";
		};
		76867243261C4FFF0037A4F3 /* LetterListTab.storyboard */ = {
			isa = PBXVariantGroup;
			children = (
				76867244261C4FFF0037A4F3 /* Base */,
			);
			name = LetterListTab.storyboard;
			sourceTree = "<group>";
		};
		7686724B261C51090037A4F3 /* SignUp.storyboard */ = {
			isa = PBXVariantGroup;
			children = (
				7686724C261C51090037A4F3 /* Base */,
			);
			name = SignUp.storyboard;
			sourceTree = "<group>";
		};
		76D1785225CA922900C5ED37 /* Main.storyboard */ = {
			isa = PBXVariantGroup;
			children = (
				76D1785325CA922900C5ED37 /* Base */,
			);
			name = Main.storyboard;
			sourceTree = "<group>";
		};
/* End PBXVariantGroup section */

/* Begin XCBuildConfiguration section */
		76D1785B25CA922900C5ED37 /* Debug */ = {
			isa = XCBuildConfiguration;
			buildSettings = {
				ALWAYS_SEARCH_USER_PATHS = NO;
				CLANG_ANALYZER_LOCALIZABILITY_NONLOCALIZED = YES;
				CLANG_ANALYZER_NONNULL = YES;
				CLANG_ANALYZER_NUMBER_OBJECT_CONVERSION = YES_AGGRESSIVE;
				CLANG_CXX_LANGUAGE_STANDARD = "gnu++14";
				CLANG_CXX_LIBRARY = "libc++";
				CLANG_ENABLE_MODULES = YES;
				CLANG_ENABLE_OBJC_ARC = YES;
				CLANG_ENABLE_OBJC_WEAK = YES;
				CLANG_WARN_BLOCK_CAPTURE_AUTORELEASING = YES;
				CLANG_WARN_BOOL_CONVERSION = YES;
				CLANG_WARN_COMMA = YES;
				CLANG_WARN_CONSTANT_CONVERSION = YES;
				CLANG_WARN_DEPRECATED_OBJC_IMPLEMENTATIONS = YES;
				CLANG_WARN_DIRECT_OBJC_ISA_USAGE = YES_ERROR;
				CLANG_WARN_DOCUMENTATION_COMMENTS = YES;
				CLANG_WARN_EMPTY_BODY = YES;
				CLANG_WARN_ENUM_CONVERSION = YES;
				CLANG_WARN_INFINITE_RECURSION = YES;
				CLANG_WARN_INT_CONVERSION = YES;
				CLANG_WARN_NON_LITERAL_NULL_CONVERSION = YES;
				CLANG_WARN_OBJC_IMPLICIT_RETAIN_SELF = YES;
				CLANG_WARN_OBJC_LITERAL_CONVERSION = YES;
				CLANG_WARN_OBJC_ROOT_CLASS = YES_ERROR;
				CLANG_WARN_QUOTED_INCLUDE_IN_FRAMEWORK_HEADER = YES;
				CLANG_WARN_RANGE_LOOP_ANALYSIS = YES;
				CLANG_WARN_STRICT_PROTOTYPES = YES;
				CLANG_WARN_SUSPICIOUS_MOVE = YES;
				CLANG_WARN_UNGUARDED_AVAILABILITY = YES_AGGRESSIVE;
				CLANG_WARN_UNREACHABLE_CODE = YES;
				CLANG_WARN__DUPLICATE_METHOD_MATCH = YES;
				COPY_PHASE_STRIP = NO;
				DEBUG_INFORMATION_FORMAT = dwarf;
				ENABLE_STRICT_OBJC_MSGSEND = YES;
				ENABLE_TESTABILITY = YES;
				GCC_C_LANGUAGE_STANDARD = gnu11;
				GCC_DYNAMIC_NO_PIC = NO;
				GCC_NO_COMMON_BLOCKS = YES;
				GCC_OPTIMIZATION_LEVEL = 0;
				GCC_PREPROCESSOR_DEFINITIONS = (
					"DEBUG=1",
					"$(inherited)",
				);
				GCC_WARN_64_TO_32_BIT_CONVERSION = YES;
				GCC_WARN_ABOUT_RETURN_TYPE = YES_ERROR;
				GCC_WARN_UNDECLARED_SELECTOR = YES;
				GCC_WARN_UNINITIALIZED_AUTOS = YES_AGGRESSIVE;
				GCC_WARN_UNUSED_FUNCTION = YES;
				GCC_WARN_UNUSED_VARIABLE = YES;
				IPHONEOS_DEPLOYMENT_TARGET = 14.1;
				MTL_ENABLE_DEBUG_INFO = INCLUDE_SOURCE;
				MTL_FAST_MATH = YES;
				ONLY_ACTIVE_ARCH = YES;
				SDKROOT = iphoneos;
				SWIFT_ACTIVE_COMPILATION_CONDITIONS = DEBUG;
				SWIFT_OPTIMIZATION_LEVEL = "-Onone";
			};
			name = Debug;
		};
		76D1785C25CA922900C5ED37 /* Release */ = {
			isa = XCBuildConfiguration;
			buildSettings = {
				ALWAYS_SEARCH_USER_PATHS = NO;
				CLANG_ANALYZER_LOCALIZABILITY_NONLOCALIZED = YES;
				CLANG_ANALYZER_NONNULL = YES;
				CLANG_ANALYZER_NUMBER_OBJECT_CONVERSION = YES_AGGRESSIVE;
				CLANG_CXX_LANGUAGE_STANDARD = "gnu++14";
				CLANG_CXX_LIBRARY = "libc++";
				CLANG_ENABLE_MODULES = YES;
				CLANG_ENABLE_OBJC_ARC = YES;
				CLANG_ENABLE_OBJC_WEAK = YES;
				CLANG_WARN_BLOCK_CAPTURE_AUTORELEASING = YES;
				CLANG_WARN_BOOL_CONVERSION = YES;
				CLANG_WARN_COMMA = YES;
				CLANG_WARN_CONSTANT_CONVERSION = YES;
				CLANG_WARN_DEPRECATED_OBJC_IMPLEMENTATIONS = YES;
				CLANG_WARN_DIRECT_OBJC_ISA_USAGE = YES_ERROR;
				CLANG_WARN_DOCUMENTATION_COMMENTS = YES;
				CLANG_WARN_EMPTY_BODY = YES;
				CLANG_WARN_ENUM_CONVERSION = YES;
				CLANG_WARN_INFINITE_RECURSION = YES;
				CLANG_WARN_INT_CONVERSION = YES;
				CLANG_WARN_NON_LITERAL_NULL_CONVERSION = YES;
				CLANG_WARN_OBJC_IMPLICIT_RETAIN_SELF = YES;
				CLANG_WARN_OBJC_LITERAL_CONVERSION = YES;
				CLANG_WARN_OBJC_ROOT_CLASS = YES_ERROR;
				CLANG_WARN_QUOTED_INCLUDE_IN_FRAMEWORK_HEADER = YES;
				CLANG_WARN_RANGE_LOOP_ANALYSIS = YES;
				CLANG_WARN_STRICT_PROTOTYPES = YES;
				CLANG_WARN_SUSPICIOUS_MOVE = YES;
				CLANG_WARN_UNGUARDED_AVAILABILITY = YES_AGGRESSIVE;
				CLANG_WARN_UNREACHABLE_CODE = YES;
				CLANG_WARN__DUPLICATE_METHOD_MATCH = YES;
				COPY_PHASE_STRIP = NO;
				DEBUG_INFORMATION_FORMAT = "dwarf-with-dsym";
				ENABLE_NS_ASSERTIONS = NO;
				ENABLE_STRICT_OBJC_MSGSEND = YES;
				GCC_C_LANGUAGE_STANDARD = gnu11;
				GCC_NO_COMMON_BLOCKS = YES;
				GCC_WARN_64_TO_32_BIT_CONVERSION = YES;
				GCC_WARN_ABOUT_RETURN_TYPE = YES_ERROR;
				GCC_WARN_UNDECLARED_SELECTOR = YES;
				GCC_WARN_UNINITIALIZED_AUTOS = YES_AGGRESSIVE;
				GCC_WARN_UNUSED_FUNCTION = YES;
				GCC_WARN_UNUSED_VARIABLE = YES;
				IPHONEOS_DEPLOYMENT_TARGET = 14.1;
				MTL_ENABLE_DEBUG_INFO = NO;
				MTL_FAST_MATH = YES;
				SDKROOT = iphoneos;
				SWIFT_COMPILATION_MODE = wholemodule;
				SWIFT_OPTIMIZATION_LEVEL = "-O";
				VALIDATE_PRODUCT = YES;
			};
			name = Release;
		};
		76D1785E25CA922900C5ED37 /* Debug */ = {
			isa = XCBuildConfiguration;
			baseConfigurationReference = 500E80C2AA263CE9C7669AC9 /* Pods-anipal 1.debug.xcconfig */;
			buildSettings = {
				ASSETCATALOG_COMPILER_APPICON_NAME = AppIcon;
				ASSETCATALOG_COMPILER_GLOBAL_ACCENT_COLOR_NAME = AccentColor;
				CODE_SIGN_ENTITLEMENTS = "anipal 1/anipal 1Debug.entitlements";
				CODE_SIGN_STYLE = Automatic;
				DEVELOPMENT_TEAM = 8799W36SG3;
				INFOPLIST_FILE = "anipal 1/Info.plist";
				LD_RUNPATH_SEARCH_PATHS = (
					"$(inherited)",
					"@executable_path/Frameworks",
				);
				PRODUCT_BUNDLE_IDENTIFIER = com.joon.anipalR;
				PRODUCT_NAME = "$(TARGET_NAME)";
				SWIFT_VERSION = 5.0;
				TARGETED_DEVICE_FAMILY = "1,2";
			};
			name = Debug;
		};
		76D1785F25CA922900C5ED37 /* Release */ = {
			isa = XCBuildConfiguration;
			baseConfigurationReference = DBBC9A4356E4335F84979825 /* Pods-anipal 1.release.xcconfig */;
			buildSettings = {
				ASSETCATALOG_COMPILER_APPICON_NAME = AppIcon;
				ASSETCATALOG_COMPILER_GLOBAL_ACCENT_COLOR_NAME = AccentColor;
				CODE_SIGN_ENTITLEMENTS = "anipal 1/anipal 1Release.entitlements";
				CODE_SIGN_STYLE = Automatic;
				DEVELOPMENT_TEAM = 8799W36SG3;
				INFOPLIST_FILE = "anipal 1/Info.plist";
				LD_RUNPATH_SEARCH_PATHS = (
					"$(inherited)",
					"@executable_path/Frameworks",
				);
				PRODUCT_BUNDLE_IDENTIFIER = com.joon.anipalR;
				PRODUCT_NAME = "$(TARGET_NAME)";
				SWIFT_VERSION = 5.0;
				TARGETED_DEVICE_FAMILY = "1,2";
			};
			name = Release;
		};
/* End XCBuildConfiguration section */

/* Begin XCConfigurationList section */
		76D1784425CA922900C5ED37 /* Build configuration list for PBXProject "anipal 1" */ = {
			isa = XCConfigurationList;
			buildConfigurations = (
				76D1785B25CA922900C5ED37 /* Debug */,
				76D1785C25CA922900C5ED37 /* Release */,
			);
			defaultConfigurationIsVisible = 0;
			defaultConfigurationName = Release;
		};
		76D1785D25CA922900C5ED37 /* Build configuration list for PBXNativeTarget "anipal 1" */ = {
			isa = XCConfigurationList;
			buildConfigurations = (
				76D1785E25CA922900C5ED37 /* Debug */,
				76D1785F25CA922900C5ED37 /* Release */,
			);
			defaultConfigurationIsVisible = 0;
			defaultConfigurationName = Release;
		};
/* End XCConfigurationList section */
	};
	rootObject = 76D1784125CA922900C5ED37 /* Project object */;
}
